
Microsoft Visual Studio Solution File, Format Version 12.00
# Visual Studio Version 17
VisualStudioVersion = 17.11.35327.3
MinimumVisualStudioVersion = 10.0.40219.1
Project("{FAE04EC0-301F-11D3-BF4B-00C04F79EFBC}") = "Vegetable", "Vegetable\Vegetable.csproj", "{AA49305C-8891-4348-BC10-CF7B08EE2298}"
EndProject
Global
	GlobalSection(SolutionConfigurationPlatforms) = preSolution
		Debug|Any CPU = Debug|Any CPU
		Release|Any CPU = Release|Any CPU
	EndGlobalSection
	GlobalSection(ProjectConfigurationPlatforms) = postSolution
		{AA49305C-8891-4348-BC10-CF7B08EE2298}.Debug|Any CPU.ActiveCfg = Debug|Any CPU
		{AA49305C-8891-4348-BC10-CF7B08EE2298}.Debug|Any CPU.Build.0 = Debug|Any CPU
		{AA49305C-8891-4348-BC10-CF7B08EE2298}.Release|Any CPU.ActiveCfg = Release|Any CPU
		{AA49305C-8891-4348-BC10-CF7B08EE2298}.Release|Any CPU.Build.0 = Release|Any CPU
	EndGlobalSection
	GlobalSection(SolutionProperties) = preSolution
		HideSolutionNode = FALSE
	EndGlobalSection
	GlobalSection(ExtensibilityGlobals) = postSolution
		SolutionGuid = {AEB40D63-1B23-41CF-BAED-A564E58CCA35}
	EndGlobalSection
EndGlobal
